# THIS IS AN AUTOGENERATED FILE. DO NOT EDIT THIS FILE DIRECTLY.
# yarn lockfile v1


"@types/maxmsp@^1.0.12":
  version "1.0.12"
  resolved "https://registry.yarnpkg.com/@types/maxmsp/-/maxmsp-1.0.12.tgz#ff74a79f0d038ea5f80c19162172f1582eddb065"
  integrity sha512-KU6rJkMIujhCKAXMhaxwZ7KNf8nRRipNZZhl5Rra+/tfI1sCnUJ6mFH2ROnLKKtiEm22H0Ui2N4YgHPcpXx7Mw==

typescript@^5.5.4:
  version "5.5.4"
  resolved "https://registry.npmjs.org/typescript/-/typescript-5.5.4.tgz"
  integrity sha512-Mtq29sKDAEYP7aljRgtPOpTvOfbwRWlS6dPRzwjdE+C0R4brX/GUyhHSecbHMFLNBLcJIPt9nl9yG5TZ1weH+Q==
